
Microsoft Visual Studio Solution File, Format Version 12.00
# Visual Studio Version 17
VisualStudioVersion = 17.14.36212.18
MinimumVisualStudioVersion = 10.0.40219.1
Project("{FAE04EC0-301F-11D3-BF4B-00C04F79EFBC}") = "BlogApp", "BlogApp\BlogApp.csproj", "{BA6AC2BF-CA41-4FED-AE80-9DD1B964A612}"
EndProject
Global
	GlobalSection(SolutionConfigurationPlatforms) = preSolution
		Debug|Any CPU = Debug|Any CPU
		Release|Any CPU = Release|Any CPU
	EndGlobalSection
	GlobalSection(ProjectConfigurationPlatforms) = postSolution
		{BA6AC2BF-CA41-4FED-AE80-9DD1B964A612}.Debug|Any CPU.ActiveCfg = Debug|Any CPU
		{BA6AC2BF-CA41-4FED-AE80-9DD1B964A612}.Debug|Any CPU.Build.0 = Debug|Any CPU
		{BA6AC2BF-CA41-4FED-AE80-9DD1B964A612}.Release|Any CPU.ActiveCfg = Release|Any CPU
		{BA6AC2BF-CA41-4FED-AE80-9DD1B964A612}.Release|Any CPU.Build.0 = Release|Any CPU
	EndGlobalSection
	GlobalSection(SolutionProperties) = preSolution
		HideSolutionNode = FALSE
	EndGlobalSection
	GlobalSection(ExtensibilityGlobals) = postSolution
		SolutionGuid = {337B7D15-AEA1-45A6-A0EA-2F0887F753E3}
	EndGlobalSection
EndGlobal
